// !$*UTF8*$!
{
	archiveVersion = 1;
	classes = {
	};
	objectVersion = 55;
	objects = {

/* Begin PBXBuildFile section */
		A28FE587286B8AF2002E9F51 /* AppDelegate.swift in Sources */ = {isa = PBXBuildFile; fileRef = A28FE586286B8AF2002E9F51 /* AppDelegate.swift */; };
		A28FE589286B8AF2002E9F51 /* SceneDelegate.swift in Sources */ = {isa = PBXBuildFile; fileRef = A28FE588286B8AF2002E9F51 /* SceneDelegate.swift */; };
		A28FE58B286B8AF2002E9F51 /* ViewController.swift in Sources */ = {isa = PBXBuildFile; fileRef = A28FE58A286B8AF2002E9F51 /* ViewController.swift */; };
		A28FE58E286B8AF2002E9F51 /* Main.storyboard in Resources */ = {isa = PBXBuildFile; fileRef = A28FE58C286B8AF2002E9F51 /* Main.storyboard */; };
		A28FE591286B8AF2002E9F51 /* Lenny_s_teleportation_ride_.xcdatamodeld in Sources */ = {isa = PBXBuildFile; fileRef = A28FE58F286B8AF2002E9F51 /* Lenny_s_teleportation_ride_.xcdatamodeld */; };
		A28FE593286B8AF4002E9F51 /* Assets.xcassets in Resources */ = {isa = PBXBuildFile; fileRef = A28FE592286B8AF4002E9F51 /* Assets.xcassets */; };
		A28FE596286B8AF4002E9F51 /* LaunchScreen.storyboard in Resources */ = {isa = PBXBuildFile; fileRef = A28FE594286B8AF4002E9F51 /* LaunchScreen.storyboard */; };
		A28FE5A1286B8AF5002E9F51 /* Lenny_s_teleportation_ride_Tests.swift in Sources */ = {isa = PBXBuildFile; fileRef = A28FE5A0286B8AF5002E9F51 /* Lenny_s_teleportation_ride_Tests.swift */; };
		A28FE5AB286B8AF5002E9F51 /* Lenny_s_teleportation_ride_UITests.swift in Sources */ = {isa = PBXBuildFile; fileRef = A28FE5AA286B8AF5002E9F51 /* Lenny_s_teleportation_ride_UITests.swift */; };
		A28FE5AD286B8AF5002E9F51 /* Lenny_s_teleportation_ride_UITestsLaunchTests.swift in Sources */ = {isa = PBXBuildFile; fileRef = A28FE5AC286B8AF5002E9F51 /* Lenny_s_teleportation_ride_UITestsLaunchTests.swift */; };
		A28FE5BA286B93CB002E9F51 /* HomeViewController.swift in Sources */ = {isa = PBXBuildFile; fileRef = A28FE5B9286B93CB002E9F51 /* HomeViewController.swift */; };
		A28FE5BC286B97A0002E9F51 /* FarmViewController.swift in Sources */ = {isa = PBXBuildFile; fileRef = A28FE5BB286B97A0002E9F51 /* FarmViewController.swift */; };
		A28FE5BE286B97E7002E9F51 /* SeaViewController.swift in Sources */ = {isa = PBXBuildFile; fileRef = A28FE5BD286B97E7002E9F51 /* SeaViewController.swift */; };
		A28FE5C0286B97F4002E9F51 /* ArcticViewController.swift in Sources */ = {isa = PBXBuildFile; fileRef = A28FE5BF286B97F4002E9F51 /* ArcticViewController.swift */; };
/* End PBXBuildFile section */

/* Begin PBXContainerItemProxy section */
		A28FE59D286B8AF5002E9F51 /* PBXContainerItemProxy */ = {
			isa = PBXContainerItemProxy;
			containerPortal = A28FE57B286B8AF2002E9F51 /* Project object */;
			proxyType = 1;
			remoteGlobalIDString = A28FE582286B8AF2002E9F51;
			remoteInfo = "Lenny's teleportation ride!";
		};
		A28FE5A7286B8AF5002E9F51 /* PBXContainerItemProxy */ = {
			isa = PBXContainerItemProxy;
			containerPortal = A28FE57B286B8AF2002E9F51 /* Project object */;
			proxyType = 1;
			remoteGlobalIDString = A28FE582286B8AF2002E9F51;
			remoteInfo = "Lenny's teleportation ride!";
		};
/* End PBXContainerItemProxy section */

/* Begin PBXFileReference section */
		A28FE583286B8AF2002E9F51 /* Lenny's teleportation ride!.app */ = {isa = PBXFileReference; explicitFileType = wrapper.application; includeInIndex = 0; path = "Lenny's teleportation ride!.app"; sourceTree = BUILT_PRODUCTS_DIR; };
		A28FE586286B8AF2002E9F51 /* AppDelegate.swift */ = {isa = PBXFileReference; lastKnownFileType = sourcecode.swift; path = AppDelegate.swift; sourceTree = "<group>"; };
		A28FE588286B8AF2002E9F51 /* SceneDelegate.swift */ = {isa = PBXFileReference; lastKnownFileType = sourcecode.swift; path = SceneDelegate.swift; sourceTree = "<group>"; };
		A28FE58A286B8AF2002E9F51 /* ViewController.swift */ = {isa = PBXFileReference; lastKnownFileType = sourcecode.swift; path = ViewController.swift; sourceTree = "<group>"; };
		A28FE58D286B8AF2002E9F51 /* Base */ = {isa = PBXFileReference; lastKnownFileType = file.storyboard; name = Base; path = Base.lproj/Main.storyboard; sourceTree = "<group>"; };
		A28FE590286B8AF2002E9F51 /* Lenny_s_teleportation_ride_.xcdatamodel */ = {isa = PBXFileReference; lastKnownFileType = wrapper.xcdatamodel; path = Lenny_s_teleportation_ride_.xcdatamodel; sourceTree = "<group>"; };
		A28FE592286B8AF4002E9F51 /* Assets.xcassets */ = {isa = PBXFileReference; lastKnownFileType = folder.assetcatalog; path = Assets.xcassets; sourceTree = "<group>"; };
		A28FE595286B8AF4002E9F51 /* Base */ = {isa = PBXFileReference; lastKnownFileType = file.storyboard; name = Base; path = Base.lproj/LaunchScreen.storyboard; sourceTree = "<group>"; };
		A28FE597286B8AF4002E9F51 /* Info.plist */ = {isa = PBXFileReference; lastKnownFileType = text.plist.xml; path = Info.plist; sourceTree = "<group>"; };
		A28FE59C286B8AF5002E9F51 /* Lenny's teleportation ride!Tests.xctest */ = {isa = PBXFileReference; explicitFileType = wrapper.cfbundle; includeInIndex = 0; path = "Lenny's teleportation ride!Tests.xctest"; sourceTree = BUILT_PRODUCTS_DIR; };
		A28FE5A0286B8AF5002E9F51 /* Lenny_s_teleportation_ride_Tests.swift */ = {isa = PBXFileReference; lastKnownFileType = sourcecode.swift; path = Lenny_s_teleportation_ride_Tests.swift; sourceTree = "<group>"; };
		A28FE5A6286B8AF5002E9F51 /* Lenny's teleportation ride!UITests.xctest */ = {isa = PBXFileReference; explicitFileType = wrapper.cfbundle; includeInIndex = 0; path = "Lenny's teleportation ride!UITests.xctest"; sourceTree = BUILT_PRODUCTS_DIR; };
		A28FE5AA286B8AF5002E9F51 /* Lenny_s_teleportation_ride_UITests.swift */ = {isa = PBXFileReference; lastKnownFileType = sourcecode.swift; path = Lenny_s_teleportation_ride_UITests.swift; sourceTree = "<group>"; };
		A28FE5AC286B8AF5002E9F51 /* Lenny_s_teleportation_ride_UITestsLaunchTests.swift */ = {isa = PBXFileReference; lastKnownFileType = sourcecode.swift; path = Lenny_s_teleportation_ride_UITestsLaunchTests.swift; sourceTree = "<group>"; };
		A28FE5B9286B93CB002E9F51 /* HomeViewController.swift */ = {isa = PBXFileReference; lastKnownFileType = sourcecode.swift; path = HomeViewController.swift; sourceTree = "<group>"; };
		A28FE5BB286B97A0002E9F51 /* FarmViewController.swift */ = {isa = PBXFileReference; lastKnownFileType = sourcecode.swift; path = FarmViewController.swift; sourceTree = "<group>"; };
		A28FE5BD286B97E7002E9F51 /* SeaViewController.swift */ = {isa = PBXFileReference; lastKnownFileType = sourcecode.swift; path = SeaViewController.swift; sourceTree = "<group>"; };
		A28FE5BF286B97F4002E9F51 /* ArcticViewController.swift */ = {isa = PBXFileReference; lastKnownFileType = sourcecode.swift; path = ArcticViewController.swift; sourceTree = "<group>"; };
/* End PBXFileReference section */

/* Begin PBXFrameworksBuildPhase section */
		A28FE580286B8AF2002E9F51 /* Frameworks */ = {
			isa = PBXFrameworksBuildPhase;
			buildActionMask = 2147483647;
			files = (
			);
			runOnlyForDeploymentPostprocessing = 0;
		};
		A28FE599286B8AF5002E9F51 /* Frameworks */ = {
			isa = PBXFrameworksBuildPhase;
			buildActionMask = 2147483647;
			files = (
			);
			runOnlyForDeploymentPostprocessing = 0;
		};
		A28FE5A3286B8AF5002E9F51 /* Frameworks */ = {
			isa = PBXFrameworksBuildPhase;
			buildActionMask = 2147483647;
			files = (
			);
			runOnlyForDeploymentPostprocessing = 0;
		};
/* End PBXFrameworksBuildPhase section */

/* Begin PBXGroup section */
		A28FE57A286B8AF2002E9F51 = {
			isa = PBXGroup;
			children = (
				A28FE585286B8AF2002E9F51 /* Lenny's teleportation ride! */,
				A28FE59F286B8AF5002E9F51 /* Lenny's teleportation ride!Tests */,
				A28FE5A9286B8AF5002E9F51 /* Lenny's teleportation ride!UITests */,
				A28FE584286B8AF2002E9F51 /* Products */,
			);
			sourceTree = "<group>";
		};
		A28FE584286B8AF2002E9F51 /* Products */ = {
			isa = PBXGroup;
			children = (
				A28FE583286B8AF2002E9F51 /* Lenny's teleportation ride!.app */,
				A28FE59C286B8AF5002E9F51 /* Lenny's teleportation ride!Tests.xctest */,
				A28FE5A6286B8AF5002E9F51 /* Lenny's teleportation ride!UITests.xctest */,
			);
			name = Products;
			sourceTree = "<group>";
		};
		A28FE585286B8AF2002E9F51 /* Lenny's teleportation ride! */ = {
			isa = PBXGroup;
			children = (
				A28FE586286B8AF2002E9F51 /* AppDelegate.swift */,
				A28FE588286B8AF2002E9F51 /* SceneDelegate.swift */,
				A28FE58A286B8AF2002E9F51 /* ViewController.swift */,
				A28FE5B9286B93CB002E9F51 /* HomeViewController.swift */,
				A28FE5BD286B97E7002E9F51 /* SeaViewController.swift */,
				A28FE5BF286B97F4002E9F51 /* ArcticViewController.swift */,
				A28FE58C286B8AF2002E9F51 /* Main.storyboard */,
				A28FE5BB286B97A0002E9F51 /* FarmViewController.swift */,
				A28FE592286B8AF4002E9F51 /* Assets.xcassets */,
				A28FE594286B8AF4002E9F51 /* LaunchScreen.storyboard */,
				A28FE597286B8AF4002E9F51 /* Info.plist */,
				A28FE58F286B8AF2002E9F51 /* Lenny_s_teleportation_ride_.xcdatamodeld */,
			);
			path = "Lenny's teleportation ride!";
			sourceTree = "<group>";
		};
		A28FE59F286B8AF5002E9F51 /* Lenny's teleportation ride!Tests */ = {
			isa = PBXGroup;
			children = (
				A28FE5A0286B8AF5002E9F51 /* Lenny_s_teleportation_ride_Tests.swift */,
			);
			path = "Lenny's teleportation ride!Tests";
			sourceTree = "<group>";
		};
		A28FE5A9286B8AF5002E9F51 /* Lenny's teleportation ride!UITests */ = {
			isa = PBXGroup;
			children = (
				A28FE5AA286B8AF5002E9F51 /* Lenny_s_teleportation_ride_UITests.swift */,
				A28FE5AC286B8AF5002E9F51 /* Lenny_s_teleportation_ride_UITestsLaunchTests.swift */,
			);
			path = "Lenny's teleportation ride!UITests";
			sourceTree = "<group>";
		};
/* End PBXGroup section */

/* Begin PBXNativeTarget section */
		A28FE582286B8AF2002E9F51 /* Lenny's teleportation ride! */ = {
			isa = PBXNativeTarget;
			buildConfigurationList = A28FE5B0286B8AF5002E9F51 /* Build configuration list for PBXNativeTarget "Lenny's teleportation ride!" */;
			buildPhases = (
				A28FE57F286B8AF2002E9F51 /* Sources */,
				A28FE580286B8AF2002E9F51 /* Frameworks */,
				A28FE581286B8AF2002E9F51 /* Resources */,
			);
			buildRules = (
			);
			dependencies = (
			);
			name = "Lenny's teleportation ride!";
			productName = "Lenny's teleportation ride!";
			productReference = A28FE583286B8AF2002E9F51 /* Lenny's teleportation ride!.app */;
			productType = "com.apple.product-type.application";
		};
		A28FE59B286B8AF5002E9F51 /* Lenny's teleportation ride!Tests */ = {
			isa = PBXNativeTarget;
			buildConfigurationList = A28FE5B3286B8AF5002E9F51 /* Build configuration list for PBXNativeTarget "Lenny's teleportation ride!Tests" */;
			buildPhases = (
				A28FE598286B8AF5002E9F51 /* Sources */,
				A28FE599286B8AF5002E9F51 /* Frameworks */,
				A28FE59A286B8AF5002E9F51 /* Resources */,
			);
			buildRules = (
			);
			dependencies = (
				A28FE59E286B8AF5002E9F51 /* PBXTargetDependency */,
			);
			name = "Lenny's teleportation ride!Tests";
			productName = "Lenny's teleportation ride!Tests";
			productReference = A28FE59C286B8AF5002E9F51 /* Lenny's teleportation ride!Tests.xctest */;
			productType = "com.apple.product-type.bundle.unit-test";
		};
		A28FE5A5286B8AF5002E9F51 /* Lenny's teleportation ride!UITests */ = {
			isa = PBXNativeTarget;
			buildConfigurationList = A28FE5B6286B8AF5002E9F51 /* Build configuration list for PBXNativeTarget "Lenny's teleportation ride!UITests" */;
			buildPhases = (
				A28FE5A2286B8AF5002E9F51 /* Sources */,
				A28FE5A3286B8AF5002E9F51 /* Frameworks */,
				A28FE5A4286B8AF5002E9F51 /* Resources */,
			);
			buildRules = (
			);
			dependencies = (
				A28FE5A8286B8AF5002E9F51 /* PBXTargetDependency */,
			);
			name = "Lenny's teleportation ride!UITests";
			productName = "Lenny's teleportation ride!UITests";
			productReference = A28FE5A6286B8AF5002E9F51 /* Lenny's teleportation ride!UITests.xctest */;
			productType = "com.apple.product-type.bundle.ui-testing";
		};
/* End PBXNativeTarget section */

/* Begin PBXProject section */
		A28FE57B286B8AF2002E9F51 /* Project object */ = {
			isa = PBXProject;
			attributes = {
				BuildIndependentTargetsInParallel = 1;
				LastSwiftUpdateCheck = 1320;
				LastUpgradeCheck = 1320;
				TargetAttributes = {
					A28FE582286B8AF2002E9F51 = {
						CreatedOnToolsVersion = 13.2.1;
					};
					A28FE59B286B8AF5002E9F51 = {
						CreatedOnToolsVersion = 13.2.1;
						TestTargetID = A28FE582286B8AF2002E9F51;
					};
					A28FE5A5286B8AF5002E9F51 = {
						CreatedOnToolsVersion = 13.2.1;
						TestTargetID = A28FE582286B8AF2002E9F51;
					};
				};
			};
			buildConfigurationList = A28FE57E286B8AF2002E9F51 /* Build configuration list for PBXProject "Lenny's teleportation ride!" */;
			compatibilityVersion = "Xcode 13.0";
			developmentRegion = en;
			hasScannedForEncodings = 0;
			knownRegions = (
				en,
				Base,
			);
			mainGroup = A28FE57A286B8AF2002E9F51;
			productRefGroup = A28FE584286B8AF2002E9F51 /* Products */;
			projectDirPath = "";
			projectRoot = "";
			targets = (
				A28FE582286B8AF2002E9F51 /* Lenny's teleportation ride! */,
				A28FE59B286B8AF5002E9F51 /* Lenny's teleportation ride!Tests */,
				A28FE5A5286B8AF5002E9F51 /* Lenny's teleportation ride!UITests */,
			);
		};
/* End PBXProject section */

/* Begin PBXResourcesBuildPhase section */
		A28FE581286B8AF2002E9F51 /* Resources */ = {
			isa = PBXResourcesBuildPhase;
			buildActionMask = 2147483647;
			files = (
				A28FE596286B8AF4002E9F51 /* LaunchScreen.storyboard in Resources */,
				A28FE593286B8AF4002E9F51 /* Assets.xcassets in Resources */,
				A28FE58E286B8AF2002E9F51 /* Main.storyboard in Resources */,
			);
			runOnlyForDeploymentPostprocessing = 0;
		};
		A28FE59A286B8AF5002E9F51 /* Resources */ = {
			isa = PBXResourcesBuildPhase;
			buildActionMask = 2147483647;
			files = (
			);
			runOnlyForDeploymentPostprocessing = 0;
		};
		A28FE5A4286B8AF5002E9F51 /* Resources */ = {
			isa = PBXResourcesBuildPhase;
			buildActionMask = 2147483647;
			files = (
			);
			runOnlyForDeploymentPostprocessing = 0;
		};
/* End PBXResourcesBuildPhase section */

/* Begin PBXSourcesBuildPhase section */
		A28FE57F286B8AF2002E9F51 /* Sources */ = {
			isa = PBXSourcesBuildPhase;
			buildActionMask = 2147483647;
			files = (
				A28FE5BA286B93CB002E9F51 /* HomeViewController.swift in Sources */,
				A28FE58B286B8AF2002E9F51 /* ViewController.swift in Sources */,
				A28FE5C0286B97F4002E9F51 /* ArcticViewController.swift in Sources */,
				A28FE5BC286B97A0002E9F51 /* FarmViewController.swift in Sources */,
				A28FE587286B8AF2002E9F51 /* AppDelegate.swift in Sources */,
				A28FE589286B8AF2002E9F51 /* SceneDelegate.swift in Sources */,
				A28FE5BE286B97E7002E9F51 /* SeaViewController.swift in Sources */,
				A28FE591286B8AF2002E9F51 /* Lenny_s_teleportation_ride_.xcdatamodeld in Sources */,
			);
			runOnlyForDeploymentPostprocessing = 0;
		};
		A28FE598286B8AF5002E9F51 /* Sources */ = {
			isa = PBXSourcesBuildPhase;
			buildActionMask = 2147483647;
			files = (
				A28FE5A1286B8AF5002E9F51 /* Lenny_s_teleportation_ride_Tests.swift in Sources */,
			);
			runOnlyForDeploymentPostprocessing = 0;
		};
		A28FE5A2286B8AF5002E9F51 /* Sources */ = {
			isa = PBXSourcesBuildPhase;
			buildActionMask = 2147483647;
			files = (
				A28FE5AD286B8AF5002E9F51 /* Lenny_s_teleportation_ride_UITestsLaunchTests.swift in Sources */,
				A28FE5AB286B8AF5002E9F51 /* Lenny_s_teleportation_ride_UITests.swift in Sources */,
			);
			runOnlyForDeploymentPostprocessing = 0;
		};
/* End PBXSourcesBuildPhase section */

/* Begin PBXTargetDependency section */
		A28FE59E286B8AF5002E9F51 /* PBXTargetDependency */ = {
			isa = PBXTargetDependency;
			target = A28FE582286B8AF2002E9F51 /* Lenny's teleportation ride! */;
			targetProxy = A28FE59D286B8AF5002E9F51 /* PBXContainerItemProxy */;
		};
		A28FE5A8286B8AF5002E9F51 /* PBXTargetDependency */ = {
			isa = PBXTargetDependency;
			target = A28FE582286B8AF2002E9F51 /* Lenny's teleportation ride! */;
			targetProxy = A28FE5A7286B8AF5002E9F51 /* PBXContainerItemProxy */;
		};
/* End PBXTargetDependency section */

/* Begin PBXVariantGroup section */
		A28FE58C286B8AF2002E9F51 /* Main.storyboard */ = {
			isa = PBXVariantGroup;
			children = (
				A28FE58D286B8AF2002E9F51 /* Base */,
			);
			name = Main.storyboard;
			sourceTree = "<group>";
		};
		A28FE594286B8AF4002E9F51 /* LaunchScreen.storyboard */ = {
			isa = PBXVariantGroup;
			children = (
				A28FE595286B8AF4002E9F51 /* Base */,
			);
			name = LaunchScreen.storyboard;
			sourceTree = "<group>";
		};
/* End PBXVariantGroup section */

/* Begin XCBuildConfiguration section */
		A28FE5AE286B8AF5002E9F51 /* Debug */ = {
			isa = XCBuildConfiguration;
			buildSettings = {
				ALWAYS_SEARCH_USER_PATHS = NO;
				CLANG_ANALYZER_NONNULL = YES;
				CLANG_ANALYZER_NUMBER_OBJECT_CONVERSION = YES_AGGRESSIVE;
				CLANG_CXX_LANGUAGE_STANDARD = "gnu++17";
				CLANG_CXX_LIBRARY = "libc++";
				CLANG_ENABLE_MODULES = YES;
				CLANG_ENABLE_OBJC_ARC = YES;
				CLANG_ENABLE_OBJC_WEAK = YES;
				CLANG_WARN_BLOCK_CAPTURE_AUTORELEASING = YES;
				CLANG_WARN_BOOL_CONVERSION = YES;
				CLANG_WARN_COMMA = YES;
				CLANG_WARN_CONSTANT_CONVERSION = YES;
				CLANG_WARN_DEPRECATED_OBJC_IMPLEMENTATIONS = YES;
				CLANG_WARN_DIRECT_OBJC_ISA_USAGE = YES_ERROR;
				CLANG_WARN_DOCUMENTATION_COMMENTS = YES;
				CLANG_WARN_EMPTY_BODY = YES;
				CLANG_WARN_ENUM_CONVERSION = YES;
				CLANG_WARN_INFINITE_RECURSION = YES;
				CLANG_WARN_INT_CONVERSION = YES;
				CLANG_WARN_NON_LITERAL_NULL_CONVERSION = YES;
				CLANG_WARN_OBJC_IMPLICIT_RETAIN_SELF = YES;
				CLANG_WARN_OBJC_LITERAL_CONVERSION = YES;
				CLANG_WARN_OBJC_ROOT_CLASS = YES_ERROR;
				CLANG_WARN_QUOTED_INCLUDE_IN_FRAMEWORK_HEADER = YES;
				CLANG_WARN_RANGE_LOOP_ANALYSIS = YES;
				CLANG_WARN_STRICT_PROTOTYPES = YES;
				CLANG_WARN_SUSPICIOUS_MOVE = YES;
				CLANG_WARN_UNGUARDED_AVAILABILITY = YES_AGGRESSIVE;
				CLANG_WARN_UNREACHABLE_CODE = YES;
				CLANG_WARN__DUPLICATE_METHOD_MATCH = YES;
				COPY_PHASE_STRIP = NO;
				DEBUG_INFORMATION_FORMAT = dwarf;
				ENABLE_STRICT_OBJC_MSGSEND = YES;
				ENABLE_TESTABILITY = YES;
				GCC_C_LANGUAGE_STANDARD = gnu11;
				GCC_DYNAMIC_NO_PIC = NO;
				GCC_NO_COMMON_BLOCKS = YES;
				GCC_OPTIMIZATION_LEVEL = 0;
				GCC_PREPROCESSOR_DEFINITIONS = (
					"DEBUG=1",
					"$(inherited)",
				);
				GCC_WARN_64_TO_32_BIT_CONVERSION = YES;
				GCC_WARN_ABOUT_RETURN_TYPE = YES_ERROR;
				GCC_WARN_UNDECLARED_SELECTOR = YES;
				GCC_WARN_UNINITIALIZED_AUTOS = YES_AGGRESSIVE;
				GCC_WARN_UNUSED_FUNCTION = YES;
				GCC_WARN_UNUSED_VARIABLE = YES;
				IPHONEOS_DEPLOYMENT_TARGET = 15.2;
				MTL_ENABLE_DEBUG_INFO = INCLUDE_SOURCE;
				MTL_FAST_MATH = YES;
				ONLY_ACTIVE_ARCH = YES;
				SDKROOT = iphoneos;
				SWIFT_ACTIVE_COMPILATION_CONDITIONS = DEBUG;
				SWIFT_OPTIMIZATION_LEVEL = "-Onone";
			};
			name = Debug;
		};
		A28FE5AF286B8AF5002E9F51 /* Release */ = {
			isa = XCBuildConfiguration;
			buildSettings = {
				ALWAYS_SEARCH_USER_PATHS = NO;
				CLANG_ANALYZER_NONNULL = YES;
				CLANG_ANALYZER_NUMBER_OBJECT_CONVERSION = YES_AGGRESSIVE;
				CLANG_CXX_LANGUAGE_STANDARD = "gnu++17";
				CLANG_CXX_LIBRARY = "libc++";
				CLANG_ENABLE_MODULES = YES;
				CLANG_ENABLE_OBJC_ARC = YES;
				CLANG_ENABLE_OBJC_WEAK = YES;
				CLANG_WARN_BLOCK_CAPTURE_AUTORELEASING = YES;
				CLANG_WARN_BOOL_CONVERSION = YES;
				CLANG_WARN_COMMA = YES;
				CLANG_WARN_CONSTANT_CONVERSION = YES;
				CLANG_WARN_DEPRECATED_OBJC_IMPLEMENTATIONS = YES;
				CLANG_WARN_DIRECT_OBJC_ISA_USAGE = YES_ERROR;
				CLANG_WARN_DOCUMENTATION_COMMENTS = YES;
				CLANG_WARN_EMPTY_BODY = YES;
				CLANG_WARN_ENUM_CONVERSION = YES;
				CLANG_WARN_INFINITE_RECURSION = YES;
				CLANG_WARN_INT_CONVERSION = YES;
				CLANG_WARN_NON_LITERAL_NULL_CONVERSION = YES;
				CLANG_WARN_OBJC_IMPLICIT_RETAIN_SELF = YES;
				CLANG_WARN_OBJC_LITERAL_CONVERSION = YES;
				CLANG_WARN_OBJC_ROOT_CLASS = YES_ERROR;
				CLANG_WARN_QUOTED_INCLUDE_IN_FRAMEWORK_HEADER = YES;
				CLANG_WARN_RANGE_LOOP_ANALYSIS = YES;
				CLANG_WARN_STRICT_PROTOTYPES = YES;
				CLANG_WARN_SUSPICIOUS_MOVE = YES;
				CLANG_WARN_UNGUARDED_AVAILABILITY = YES_AGGRESSIVE;
				CLANG_WARN_UNREACHABLE_CODE = YES;
				CLANG_WARN__DUPLICATE_METHOD_MATCH = YES;
				COPY_PHASE_STRIP = NO;
				DEBUG_INFORMATION_FORMAT = "dwarf-with-dsym";
				ENABLE_NS_ASSERTIONS = NO;
				ENABLE_STRICT_OBJC_MSGSEND = YES;
				GCC_C_LANGUAGE_STANDARD = gnu11;
				GCC_NO_COMMON_BLOCKS = YES;
				GCC_WARN_64_TO_32_BIT_CONVERSION = YES;
				GCC_WARN_ABOUT_RETURN_TYPE = YES_ERROR;
				GCC_WARN_UNDECLARED_SELECTOR = YES;
				GCC_WARN_UNINITIALIZED_AUTOS = YES_AGGRESSIVE;
				GCC_WARN_UNUSED_FUNCTION = YES;
				GCC_WARN_UNUSED_VARIABLE = YES;
				IPHONEOS_DEPLOYMENT_TARGET = 15.2;
				MTL_ENABLE_DEBUG_INFO = NO;
				MTL_FAST_MATH = YES;
				SDKROOT = iphoneos;
				SWIFT_COMPILATION_MODE = wholemodule;
				SWIFT_OPTIMIZATION_LEVEL = "-O";
				VALIDATE_PRODUCT = YES;
			};
			name = Release;
		};
		A28FE5B1286B8AF5002E9F51 /* Debug */ = {
			isa = XCBuildConfiguration;
			buildSettings = {
				ASSETCATALOG_COMPILER_APPICON_NAME = AppIcon;
				ASSETCATALOG_COMPILER_GLOBAL_ACCENT_COLOR_NAME = AccentColor;
				CODE_SIGN_STYLE = Automatic;
				CURRENT_PROJECT_VERSION = 1;
				GENERATE_INFOPLIST_FILE = YES;
				INFOPLIST_FILE = "Lenny's teleportation ride!/Info.plist";
				INFOPLIST_KEY_UIApplicationSupportsIndirectInputEvents = YES;
				INFOPLIST_KEY_UILaunchStoryboardName = LaunchScreen;
				INFOPLIST_KEY_UIMainStoryboardFile = Main;
				INFOPLIST_KEY_UISupportedInterfaceOrientations_iPad = "UIInterfaceOrientationPortrait UIInterfaceOrientationPortraitUpsideDown UIInterfaceOrientationLandscapeLeft UIInterfaceOrientationLandscapeRight";
				INFOPLIST_KEY_UISupportedInterfaceOrientations_iPhone = "UIInterfaceOrientationPortrait UIInterfaceOrientationLandscapeLeft UIInterfaceOrientationLandscapeRight";
				LD_RUNPATH_SEARCH_PATHS = (
					"$(inherited)",
					"@executable_path/Frameworks",
				);
				MARKETING_VERSION = 1.0;
				PRODUCT_BUNDLE_IDENTIFIER = "kwk-finalproject.Lenny-s-teleportation-ride-";
				PRODUCT_NAME = "$(TARGET_NAME)";
				SWIFT_EMIT_LOC_STRINGS = YES;
				SWIFT_VERSION = 5.0;
				TARGETED_DEVICE_FAMILY = "1,2";
			};
			name = Debug;
		};
		A28FE5B2286B8AF5002E9F51 /* Release */ = {
			isa = XCBuildConfiguration;
			buildSettings = {
				ASSETCATALOG_COMPILER_APPICON_NAME = AppIcon;
				ASSETCATALOG_COMPILER_GLOBAL_ACCENT_COLOR_NAME = AccentColor;
				CODE_SIGN_STYLE = Automatic;
				CURRENT_PROJECT_VERSION = 1;
				GENERATE_INFOPLIST_FILE = YES;
				INFOPLIST_FILE = "Lenny's teleportation ride!/Info.plist";
				INFOPLIST_KEY_UIApplicationSupportsIndirectInputEvents = YES;
				INFOPLIST_KEY_UILaunchStoryboardName = LaunchScreen;
				INFOPLIST_KEY_UIMainStoryboardFile = Main;
				INFOPLIST_KEY_UISupportedInterfaceOrientations_iPad = "UIInterfaceOrientationPortrait UIInterfaceOrientationPortraitUpsideDown UIInterfaceOrientationLandscapeLeft UIInterfaceOrientationLandscapeRight";
				INFOPLIST_KEY_UISupportedInterfaceOrientations_iPhone = "UIInterfaceOrientationPortrait UIInterfaceOrientationLandscapeLeft UIInterfaceOrientationLandscapeRight";
				LD_RUNPATH_SEARCH_PATHS = (
					"$(inherited)",
					"@executable_path/Frameworks",
				);
				MARKETING_VERSION = 1.0;
				PRODUCT_BUNDLE_IDENTIFIER = "kwk-finalproject.Lenny-s-teleportation-ride-";
				PRODUCT_NAME = "$(TARGET_NAME)";
				SWIFT_EMIT_LOC_STRINGS = YES;
				SWIFT_VERSION = 5.0;
				TARGETED_DEVICE_FAMILY = "1,2";
			};
			name = Release;
		};
		A28FE5B4286B8AF5002E9F51 /* Debug */ = {
			isa = XCBuildConfiguration;
			buildSettings = {
				ALWAYS_EMBED_SWIFT_STANDARD_LIBRARIES = YES;
				BUNDLE_LOADER = "$(TEST_HOST)";
				CODE_SIGN_STYLE = Automatic;
				CURRENT_PROJECT_VERSION = 1;
				GENERATE_INFOPLIST_FILE = YES;
				IPHONEOS_DEPLOYMENT_TARGET = 15.2;
				MARKETING_VERSION = 1.0;
				PRODUCT_BUNDLE_IDENTIFIER = "kwk-finalproject.Lenny-s-teleportation-ride-Tests";
				PRODUCT_NAME = "$(TARGET_NAME)";
				SWIFT_EMIT_LOC_STRINGS = NO;
				SWIFT_VERSION = 5.0;
				TARGETED_DEVICE_FAMILY = "1,2";
				TEST_HOST = "$(BUILT_PRODUCTS_DIR)/Lenny's teleportation ride!.app/Lenny's teleportation ride!";
			};
			name = Debug;
		};
		A28FE5B5286B8AF5002E9F51 /* Release */ = {
			isa = XCBuildConfiguration;
			buildSettings = {
				ALWAYS_EMBED_SWIFT_STANDARD_LIBRARIES = YES;
				BUNDLE_LOADER = "$(TEST_HOST)";
				CODE_SIGN_STYLE = Automatic;
				CURRENT_PROJECT_VERSION = 1;
				GENERATE_INFOPLIST_FILE = YES;
				IPHONEOS_DEPLOYMENT_TARGET = 15.2;
				MARKETING_VERSION = 1.0;
				PRODUCT_BUNDLE_IDENTIFIER = "kwk-finalproject.Lenny-s-teleportation-ride-Tests";
				PRODUCT_NAME = "$(TARGET_NAME)";
				SWIFT_EMIT_LOC_STRINGS = NO;
				SWIFT_VERSION = 5.0;
				TARGETED_DEVICE_FAMILY = "1,2";
				TEST_HOST = "$(BUILT_PRODUCTS_DIR)/Lenny's teleportation ride!.app/Lenny's teleportation ride!";
			};
			name = Release;
		};
		A28FE5B7286B8AF5002E9F51 /* Debug */ = {
			isa = XCBuildConfiguration;
			buildSettings = {
				ALWAYS_EMBED_SWIFT_STANDARD_LIBRARIES = YES;
				CODE_SIGN_STYLE = Automatic;
				CURRENT_PROJECT_VERSION = 1;
				GENERATE_INFOPLIST_FILE = YES;
				MARKETING_VERSION = 1.0;
				PRODUCT_BUNDLE_IDENTIFIER = "kwk-finalproject.Lenny-s-teleportation-ride-UITests";
				PRODUCT_NAME = "$(TARGET_NAME)";
				SWIFT_EMIT_LOC_STRINGS = NO;
				SWIFT_VERSION = 5.0;
				TARGETED_DEVICE_FAMILY = "1,2";
				TEST_TARGET_NAME = "Lenny's teleportation ride!";
			};
			name = Debug;
		};
		A28FE5B8286B8AF5002E9F51 /* Release */ = {
			isa = XCBuildConfiguration;
			buildSettings = {
				ALWAYS_EMBED_SWIFT_STANDARD_LIBRARIES = YES;
				CODE_SIGN_STYLE = Automatic;
				CURRENT_PROJECT_VERSION = 1;
				GENERATE_INFOPLIST_FILE = YES;
				MARKETING_VERSION = 1.0;
				PRODUCT_BUNDLE_IDENTIFIER = "kwk-finalproject.Lenny-s-teleportation-ride-UITests";
				PRODUCT_NAME = "$(TARGET_NAME)";
				SWIFT_EMIT_LOC_STRINGS = NO;
				SWIFT_VERSION = 5.0;
				TARGETED_DEVICE_FAMILY = "1,2";
				TEST_TARGET_NAME = "Lenny's teleportation ride!";
			};
			name = Release;
		};
/* End XCBuildConfiguration section */

/* Begin XCConfigurationList section */
		A28FE57E286B8AF2002E9F51 /* Build configuration list for PBXProject "Lenny's teleportation ride!" */ = {
			isa = XCConfigurationList;
			buildConfigurations = (
				A28FE5AE286B8AF5002E9F51 /* Debug */,
				A28FE5AF286B8AF5002E9F51 /* Release */,
			);
			defaultConfigurationIsVisible = 0;
			defaultConfigurationName = Release;
		};
		A28FE5B0286B8AF5002E9F51 /* Build configuration list for PBXNativeTarget "Lenny's teleportation ride!" */ = {
			isa = XCConfigurationList;
			buildConfigurations = (
				A28FE5B1286B8AF5002E9F51 /* Debug */,
				A28FE5B2286B8AF5002E9F51 /* Release */,
			);
			defaultConfigurationIsVisible = 0;
			defaultConfigurationName = Release;
		};
		A28FE5B3286B8AF5002E9F51 /* Build configuration list for PBXNativeTarget "Lenny's teleportation ride!Tests" */ = {
			isa = XCConfigurationList;
			buildConfigurations = (
				A28FE5B4286B8AF5002E9F51 /* Debug */,
				A28FE5B5286B8AF5002E9F51 /* Release */,
			);
			defaultConfigurationIsVisible = 0;
			defaultConfigurationName = Release;
		};
		A28FE5B6286B8AF5002E9F51 /* Build configuration list for PBXNativeTarget "Lenny's teleportation ride!UITests" */ = {
			isa = XCConfigurationList;
			buildConfigurations = (
				A28FE5B7286B8AF5002E9F51 /* Debug */,
				A28FE5B8286B8AF5002E9F51 /* Release */,
			);
			defaultConfigurationIsVisible = 0;
			defaultConfigurationName = Release;
		};
/* End XCConfigurationList section */

/* Begin XCVersionGroup section */
		A28FE58F286B8AF2002E9F51 /* Lenny_s_teleportation_ride_.xcdatamodeld */ = {
			isa = XCVersionGroup;
			children = (
				A28FE590286B8AF2002E9F51 /* Lenny_s_teleportation_ride_.xcdatamodel */,
			);
			currentVersion = A28FE590286B8AF2002E9F51 /* Lenny_s_teleportation_ride_.xcdatamodel */;
			path = Lenny_s_teleportation_ride_.xcdatamodeld;
			sourceTree = "<group>";
			versionGroupType = wrapper.xcdatamodel;
		};
/* End XCVersionGroup section */
	};
	rootObject = A28FE57B286B8AF2002E9F51 /* Project object */;
}
